{
  "name": "wyblog",
  "lockfileVersion": 2,
  "requires": true,
  "packages": {
    "": {
      "devDependencies": {
        "generate-asset-webpack-plugin": "^0.3.0"
      }
    },
    "node_modules/generate-asset-webpack-plugin": {
      "version": "0.3.0",
      "resolved": "https://registry.npmmirror.com/generate-asset-webpack-plugin/-/generate-asset-webpack-plugin-0.3.0.tgz",
      "integrity": "sha512-q1Vc9tsQzPMIYF8gmzjAe9TkdYr5AGrjNl9CB/jJCBkavHAo+qYdQ0IlPJsPHzil8U/8ZJcP56HX6Li2s3B3bg==",
      "dev": true
    }
  },
  "dependencies": {
    "generate-asset-webpack-plugin": {
      "version": "0.3.0",
      "resolved": "https://registry.npmmirror.com/generate-asset-webpack-plugin/-/generate-asset-webpack-plugin-0.3.0.tgz",
      "integrity": "sha512-q1Vc9tsQzPMIYF8gmzjAe9TkdYr5AGrjNl9CB/jJCBkavHAo+qYdQ0IlPJsPHzil8U/8ZJcP56HX6Li2s3B3bg==",
      "dev": true
    }
  }
}
